{
  "name": "@mooter/cli",
  "version": "0.0.1",
  "lockfileVersion": 3,
  "requires": true,
  "packages": {
    "": {
      "name": "@mooter/cli",
      "version": "0.0.1",
      "license": "MIT",
      "dependencies": {
        "@mooter/cli": "^0.0.1"
      },
      "engines": {
        "node": ">=18"
      }
    },
    "node_modules/@mooter/cli": {
      "version": "0.0.1",
      "resolved": "https://registry.npmjs.org/@mooter/cli/-/cli-0.0.1.tgz",
      "integrity": "sha512-H3uRU3cpimsPhes7w5E1d3QxCeXxZ6ulrtsmlpQvYWO0g/JiotkE1TUB6f7+5oRNK4jfZPSCalN05mgXxtx91g==",
      "license": "MIT",
      "engines": {
        "node": ">=18"
      }
    }
  }
}
